
Microsoft Visual Studio Solution File, Format Version 12.00
# Visual Studio Version 17
VisualStudioVersion = 17.10.35013.160
MinimumVisualStudioVersion = 10.0.40219.1
Project("{FAE04EC0-301F-11D3-BF4B-00C04F79EFBC}") = "Assignment 7 - While Loops", "Assignment 7 - While Loops\Assignment 7 - While Loops.csproj", "{5336FF40-3C08-4682-8A78-20E8A9658A9E}"
EndProject
Global
	GlobalSection(SolutionConfigurationPlatforms) = preSolution
		Debug|Any CPU = Debug|Any CPU
		Release|Any CPU = Release|Any CPU
	EndGlobalSection
	GlobalSection(ProjectConfigurationPlatforms) = postSolution
		{5336FF40-3C08-4682-8A78-20E8A9658A9E}.Debug|Any CPU.ActiveCfg = Debug|Any CPU
		{5336FF40-3C08-4682-8A78-20E8A9658A9E}.Debug|Any CPU.Build.0 = Debug|Any CPU
		{5336FF40-3C08-4682-8A78-20E8A9658A9E}.Release|Any CPU.ActiveCfg = Release|Any CPU
		{5336FF40-3C08-4682-8A78-20E8A9658A9E}.Release|Any CPU.Build.0 = Release|Any CPU
	EndGlobalSection
	GlobalSection(SolutionProperties) = preSolution
		HideSolutionNode = FALSE
	EndGlobalSection
	GlobalSection(ExtensibilityGlobals) = postSolution
		SolutionGuid = {EA45D586-30D7-46A0-931A-F07DBB93A8D7}
	EndGlobalSection
EndGlobal
